
Microsoft Visual Studio Solution File, Format Version 12.00
# Visual Studio Version 17
VisualStudioVersion = 17.0.31903.59
MinimumVisualStudioVersion = 10.0.40219.1
Project("{2150E333-8FDC-42A3-9474-1A3956D46DE8}") = "Solution Items", "Solution Items", "{308AC385-5929-4E9E-8C93-F89589695CC1}"
	ProjectSection(SolutionItems) = preProject
		.editorconfig = .editorconfig
		tests\.editorconfig = tests\.editorconfig
		Directory.Build.props = Directory.Build.props
		src\Directory.Build.props = src\Directory.Build.props
		Directory.Packages.props = Directory.Packages.props
	EndProjectSection
EndProject
Project("{9A19103F-16F7-4668-BE54-9A1E7A4F7556}") = "Attribinter.Mappers.Collectors.Core", "src\Attribinter.Mappers.Collectors.Core\Attribinter.Mappers.Collectors.Core.csproj", "{1DD63A68-FAB6-493F-BCB3-2EA43BAC605B}"
EndProject
Project("{9A19103F-16F7-4668-BE54-9A1E7A4F7556}") = "Attribinter.Mappers.Collectors.Abstractions", "src\Attribinter.Mappers.Collectors.Abstractions\Attribinter.Mappers.Collectors.Abstractions.csproj", "{A72212ED-A43C-40A3-A661-AC820A1A235E}"
EndProject
Project("{9A19103F-16F7-4668-BE54-9A1E7A4F7556}") = "Attribinter.Mappers.Collectors", "src\Attribinter.Mappers.Collectors\Attribinter.Mappers.Collectors.csproj", "{8C4B67CE-EEDE-4C97-B720-5B3880E7DD46}"
EndProject
Project("{9A19103F-16F7-4668-BE54-9A1E7A4F7556}") = "Attribinter.Mappers.Collectors.DependencyInjection", "src\Attribinter.Mappers.Collectors.DependencyInjection\Attribinter.Mappers.Collectors.DependencyInjection.csproj", "{17CA696F-D1BA-4CA8-B173-0926E4CE4613}"
EndProject
Project("{9A19103F-16F7-4668-BE54-9A1E7A4F7556}") = "Attribinter.Mappers.Collectors.IntegrationTests", "tests\integration\Attribinter.Mappers.Collectors.IntegrationTests\Attribinter.Mappers.Collectors.IntegrationTests.csproj", "{767385CE-95A3-49EE-B75B-1151ED808D14}"
EndProject
Project("{9A19103F-16F7-4668-BE54-9A1E7A4F7556}") = "Attribinter.Mappers.Collectors.UnitTests", "tests\unit\Attribinter.Mappers.Collectors.UnitTests\Attribinter.Mappers.Collectors.UnitTests.csproj", "{63E38920-FCE0-4073-93AC-87EF2FB9CC00}"
EndProject
Global
	GlobalSection(SolutionConfigurationPlatforms) = preSolution
		Debug|Any CPU = Debug|Any CPU
		Release|Any CPU = Release|Any CPU
	EndGlobalSection
	GlobalSection(ProjectConfigurationPlatforms) = postSolution
		{1DD63A68-FAB6-493F-BCB3-2EA43BAC605B}.Debug|Any CPU.ActiveCfg = Debug|Any CPU
		{1DD63A68-FAB6-493F-BCB3-2EA43BAC605B}.Debug|Any CPU.Build.0 = Debug|Any CPU
		{1DD63A68-FAB6-493F-BCB3-2EA43BAC605B}.Release|Any CPU.ActiveCfg = Release|Any CPU
		{1DD63A68-FAB6-493F-BCB3-2EA43BAC605B}.Release|Any CPU.Build.0 = Release|Any CPU
		{A72212ED-A43C-40A3-A661-AC820A1A235E}.Debug|Any CPU.ActiveCfg = Debug|Any CPU
		{A72212ED-A43C-40A3-A661-AC820A1A235E}.Debug|Any CPU.Build.0 = Debug|Any CPU
		{A72212ED-A43C-40A3-A661-AC820A1A235E}.Release|Any CPU.ActiveCfg = Release|Any CPU
		{A72212ED-A43C-40A3-A661-AC820A1A235E}.Release|Any CPU.Build.0 = Release|Any CPU
		{8C4B67CE-EEDE-4C97-B720-5B3880E7DD46}.Debug|Any CPU.ActiveCfg = Debug|Any CPU
		{8C4B67CE-EEDE-4C97-B720-5B3880E7DD46}.Debug|Any CPU.Build.0 = Debug|Any CPU
		{8C4B67CE-EEDE-4C97-B720-5B3880E7DD46}.Release|Any CPU.ActiveCfg = Release|Any CPU
		{8C4B67CE-EEDE-4C97-B720-5B3880E7DD46}.Release|Any CPU.Build.0 = Release|Any CPU
		{17CA696F-D1BA-4CA8-B173-0926E4CE4613}.Debug|Any CPU.ActiveCfg = Debug|Any CPU
		{17CA696F-D1BA-4CA8-B173-0926E4CE4613}.Debug|Any CPU.Build.0 = Debug|Any CPU
		{17CA696F-D1BA-4CA8-B173-0926E4CE4613}.Release|Any CPU.ActiveCfg = Release|Any CPU
		{17CA696F-D1BA-4CA8-B173-0926E4CE4613}.Release|Any CPU.Build.0 = Release|Any CPU
		{767385CE-95A3-49EE-B75B-1151ED808D14}.Debug|Any CPU.ActiveCfg = Debug|Any CPU
		{767385CE-95A3-49EE-B75B-1151ED808D14}.Debug|Any CPU.Build.0 = Debug|Any CPU
		{767385CE-95A3-49EE-B75B-1151ED808D14}.Release|Any CPU.ActiveCfg = Release|Any CPU
		{767385CE-95A3-49EE-B75B-1151ED808D14}.Release|Any CPU.Build.0 = Release|Any CPU
		{63E38920-FCE0-4073-93AC-87EF2FB9CC00}.Debug|Any CPU.ActiveCfg = Debug|Any CPU
		{63E38920-FCE0-4073-93AC-87EF2FB9CC00}.Debug|Any CPU.Build.0 = Debug|Any CPU
		{63E38920-FCE0-4073-93AC-87EF2FB9CC00}.Release|Any CPU.ActiveCfg = Release|Any CPU
		{63E38920-FCE0-4073-93AC-87EF2FB9CC00}.Release|Any CPU.Build.0 = Release|Any CPU
	EndGlobalSection
	GlobalSection(SolutionProperties) = preSolution
		HideSolutionNode = FALSE
	EndGlobalSection
	GlobalSection(ExtensibilityGlobals) = postSolution
		SolutionGuid = {F3AB613A-0534-464B-BAB8-891711A1421B}
	EndGlobalSection
EndGlobal
