
Microsoft Visual Studio Solution File, Format Version 12.00
# Visual Studio Version 17
VisualStudioVersion = 17.0.31903.59
MinimumVisualStudioVersion = 10.0.40219.1
Project("{2150E333-8FDC-42A3-9474-1A3956D46DE8}") = "Solution Items", "Solution Items", "{308AC385-5929-4E9E-8C93-F89589695CC1}"
	ProjectSection(SolutionItems) = preProject
		.editorconfig = .editorconfig
		tests\.editorconfig = tests\.editorconfig
		Directory.Build.props = Directory.Build.props
		src\Directory.Build.props = src\Directory.Build.props
		tests\Directory.Build.props = tests\Directory.Build.props
		Directory.Packages.props = Directory.Packages.props
	EndProjectSection
EndProject
Project("{FAE04EC0-301F-11D3-BF4B-00C04F79EFBC}") = "Paraminter.Recorders.Mappers.Collectors.Core", "src\Paraminter.Recorders.Mappers.Collectors.Core\Paraminter.Recorders.Mappers.Collectors.Core.csproj", "{22CAC7F2-0983-490A-BE83-BC306B65B233}"
EndProject
Project("{FAE04EC0-301F-11D3-BF4B-00C04F79EFBC}") = "Paraminter.Recorders.Mappers.Collectors.Abstractions", "src\Paraminter.Recorders.Mappers.Collectors.Abstractions\Paraminter.Recorders.Mappers.Collectors.Abstractions.csproj", "{8F5BA130-FAA3-41FC-92B7-640469FAA3A0}"
EndProject
Project("{FAE04EC0-301F-11D3-BF4B-00C04F79EFBC}") = "Paraminter.Recorders.Mappers.Collectors", "src\Paraminter.Recorders.Mappers.Collectors\Paraminter.Recorders.Mappers.Collectors.csproj", "{F649A22D-692D-4776-A662-8F71C42E965F}"
EndProject
Project("{FAE04EC0-301F-11D3-BF4B-00C04F79EFBC}") = "Paraminter.Recorders.Mappers.Collectors.DependencyInjection", "src\Paraminter.Recorders.Mappers.Collectors.DependencyInjection\Paraminter.Recorders.Mappers.Collectors.DependencyInjection.csproj", "{EC738FDF-9186-4363-A1A3-FF13F68A87F7}"
EndProject
Project("{FAE04EC0-301F-11D3-BF4B-00C04F79EFBC}") = "Paraminter.Recorders.Mappers.Collectors.IntegrationTests", "tests\Paraminter.Recorders.Mappers.Collectors.IntegrationTests\Paraminter.Recorders.Mappers.Collectors.IntegrationTests.csproj", "{9C56C700-C3C3-4469-A67F-8A89313F134B}"
EndProject
Project("{FAE04EC0-301F-11D3-BF4B-00C04F79EFBC}") = "Paraminter.Recorders.Mappers.Collectors.UnitTests", "tests\Paraminter.Recorders.Mappers.Collectors.UnitTests\Paraminter.Recorders.Mappers.Collectors.UnitTests.csproj", "{C2C99614-B3A0-4515-AFA3-E33ED09D1C5D}"
EndProject
Global
	GlobalSection(SolutionConfigurationPlatforms) = preSolution
		Debug|Any CPU = Debug|Any CPU
		Release|Any CPU = Release|Any CPU
	EndGlobalSection
	GlobalSection(ProjectConfigurationPlatforms) = postSolution
		{22CAC7F2-0983-490A-BE83-BC306B65B233}.Debug|Any CPU.ActiveCfg = Debug|Any CPU
		{22CAC7F2-0983-490A-BE83-BC306B65B233}.Debug|Any CPU.Build.0 = Debug|Any CPU
		{22CAC7F2-0983-490A-BE83-BC306B65B233}.Release|Any CPU.ActiveCfg = Release|Any CPU
		{22CAC7F2-0983-490A-BE83-BC306B65B233}.Release|Any CPU.Build.0 = Release|Any CPU
		{8F5BA130-FAA3-41FC-92B7-640469FAA3A0}.Debug|Any CPU.ActiveCfg = Debug|Any CPU
		{8F5BA130-FAA3-41FC-92B7-640469FAA3A0}.Debug|Any CPU.Build.0 = Debug|Any CPU
		{8F5BA130-FAA3-41FC-92B7-640469FAA3A0}.Release|Any CPU.ActiveCfg = Release|Any CPU
		{8F5BA130-FAA3-41FC-92B7-640469FAA3A0}.Release|Any CPU.Build.0 = Release|Any CPU
		{F649A22D-692D-4776-A662-8F71C42E965F}.Debug|Any CPU.ActiveCfg = Debug|Any CPU
		{F649A22D-692D-4776-A662-8F71C42E965F}.Debug|Any CPU.Build.0 = Debug|Any CPU
		{F649A22D-692D-4776-A662-8F71C42E965F}.Release|Any CPU.ActiveCfg = Release|Any CPU
		{F649A22D-692D-4776-A662-8F71C42E965F}.Release|Any CPU.Build.0 = Release|Any CPU
		{EC738FDF-9186-4363-A1A3-FF13F68A87F7}.Debug|Any CPU.ActiveCfg = Debug|Any CPU
		{EC738FDF-9186-4363-A1A3-FF13F68A87F7}.Debug|Any CPU.Build.0 = Debug|Any CPU
		{EC738FDF-9186-4363-A1A3-FF13F68A87F7}.Release|Any CPU.ActiveCfg = Release|Any CPU
		{EC738FDF-9186-4363-A1A3-FF13F68A87F7}.Release|Any CPU.Build.0 = Release|Any CPU
		{9C56C700-C3C3-4469-A67F-8A89313F134B}.Debug|Any CPU.ActiveCfg = Debug|Any CPU
		{9C56C700-C3C3-4469-A67F-8A89313F134B}.Debug|Any CPU.Build.0 = Debug|Any CPU
		{9C56C700-C3C3-4469-A67F-8A89313F134B}.Release|Any CPU.ActiveCfg = Release|Any CPU
		{9C56C700-C3C3-4469-A67F-8A89313F134B}.Release|Any CPU.Build.0 = Release|Any CPU
		{C2C99614-B3A0-4515-AFA3-E33ED09D1C5D}.Debug|Any CPU.ActiveCfg = Debug|Any CPU
		{C2C99614-B3A0-4515-AFA3-E33ED09D1C5D}.Debug|Any CPU.Build.0 = Debug|Any CPU
		{C2C99614-B3A0-4515-AFA3-E33ED09D1C5D}.Release|Any CPU.ActiveCfg = Release|Any CPU
		{C2C99614-B3A0-4515-AFA3-E33ED09D1C5D}.Release|Any CPU.Build.0 = Release|Any CPU
	EndGlobalSection
	GlobalSection(SolutionProperties) = preSolution
		HideSolutionNode = FALSE
	EndGlobalSection
	GlobalSection(ExtensibilityGlobals) = postSolution
		SolutionGuid = {F3AB613A-0534-464B-BAB8-891711A1421B}
	EndGlobalSection
EndGlobal
