
Microsoft Visual Studio Solution File, Format Version 12.00
# Visual Studio Version 17
VisualStudioVersion = 17.0.31903.59
MinimumVisualStudioVersion = 10.0.40219.1
Project("{2150E333-8FDC-42A3-9474-1A3956D46DE8}") = "Solution Items", "Solution Items", "{308AC385-5929-4E9E-8C93-F89589695CC1}"
	ProjectSection(SolutionItems) = preProject
		.editorconfig = .editorconfig
		tests\.editorconfig = tests\.editorconfig
		Directory.Build.props = Directory.Build.props
		src\Directory.Build.props = src\Directory.Build.props
		tests\Directory.Build.props = tests\Directory.Build.props
		Directory.Packages.props = Directory.Packages.props
	EndProjectSection
EndProject
Project("{2150E333-8FDC-42A3-9474-1A3956D46DE8}") = "src", "src", "{58436B08-D3F7-4199-B7B0-2E928EFECBC7}"
EndProject
Project("{FAE04EC0-301F-11D3-BF4B-00C04F79EFBC}") = "Core", "src\Core\Core.csproj", "{6114DCBD-72D1-41AC-A77C-27DF7D3F91C7}"
EndProject
Project("{FAE04EC0-301F-11D3-BF4B-00C04F79EFBC}") = "Abstractions", "src\Abstractions\Abstractions.csproj", "{7FF8C3C4-86A2-4551-857A-BE46F50A7DFE}"
EndProject
Project("{FAE04EC0-301F-11D3-BF4B-00C04F79EFBC}") = "Implementation", "src\Implementation\Implementation.csproj", "{925C2C0B-CD92-4964-A9D2-4D685987C2E2}"
EndProject
Project("{2150E333-8FDC-42A3-9474-1A3956D46DE8}") = "DependencyInjection", "DependencyInjection", "{6CD56858-A5B7-4814-8A9B-4743065D67AC}"
EndProject
Project("{FAE04EC0-301F-11D3-BF4B-00C04F79EFBC}") = "Net", "src\DependencyInjection\Net\Net.csproj", "{99468F64-5237-42AA-99D2-BD4AC03D804D}"
EndProject
Project("{2150E333-8FDC-42A3-9474-1A3956D46DE8}") = "tests", "tests", "{EEFECA50-61DC-4A34-A449-E05F1F03EC25}"
EndProject
Project("{2150E333-8FDC-42A3-9474-1A3956D46DE8}") = "integration", "integration", "{D7205306-9B1E-4C21-BE08-CD423B691927}"
EndProject
Project("{2150E333-8FDC-42A3-9474-1A3956D46DE8}") = "DependencyInjection", "DependencyInjection", "{10C92320-20C9-4A33-9631-C1AA1415ADA1}"
EndProject
Project("{2150E333-8FDC-42A3-9474-1A3956D46DE8}") = "Net", "Net", "{AA7267C7-9398-4AC8-A1AC-E9A4150D5196}"
EndProject
Project("{FAE04EC0-301F-11D3-BF4B-00C04F79EFBC}") = "IT_Services", "tests\integration\DependencyInjection\Net\Services\IT_Services.csproj", "{8A6929AD-0908-4824-A0FA-A761932A378C}"
EndProject
Project("{2150E333-8FDC-42A3-9474-1A3956D46DE8}") = "unit", "unit", "{83C932F4-45BB-42FB-BC52-54976449A6A7}"
EndProject
Project("{FAE04EC0-301F-11D3-BF4B-00C04F79EFBC}") = "UT_ArgumentDataRecorderMapperFactory", "tests\unit\ArgumentDataRecorderMapperFactory\UT_ArgumentDataRecorderMapperFactory.csproj", "{0450F96F-CE9A-425F-B1E0-5A5A5A30A49C}"
EndProject
Project("{FAE04EC0-301F-11D3-BF4B-00C04F79EFBC}") = "UT_ArgumentDataRecorderMappingRepositoryFactory", "tests\unit\ArgumentDataRecorderMappingRepositoryFactory\UT_ArgumentDataRecorderMappingRepositoryFactory.csproj", "{D8106FEC-B6E4-47D5-B77C-EF8166FDCED4}"
EndProject
Project("{FAE04EC0-301F-11D3-BF4B-00C04F79EFBC}") = "UT_ArgumentExistenceRecorderMapperFactory", "tests\unit\ArgumentExistenceRecorderMapperFactory\UT_ArgumentExistenceRecorderMapperFactory.csproj", "{74834C0C-01DF-482F-8C35-2575A6546A33}"
EndProject
Project("{FAE04EC0-301F-11D3-BF4B-00C04F79EFBC}") = "UT_ArgumentExistenceRecorderMappingRepositoryFactory", "tests\unit\ArgumentExistenceRecorderMappingRepositoryFactory\UT_ArgumentExistenceRecorderMappingRepositoryFactory.csproj", "{B7A4B4A0-F43D-4FB5-8C37-DD37131F5AEB}"
EndProject
Project("{2150E333-8FDC-42A3-9474-1A3956D46DE8}") = "DependencyInjection", "DependencyInjection", "{669096A6-D726-4710-8ABC-C52942342D80}"
EndProject
Project("{2150E333-8FDC-42A3-9474-1A3956D46DE8}") = "Net", "Net", "{004C8081-E1A3-4C0C-851F-DEA2605490FE}"
EndProject
Project("{FAE04EC0-301F-11D3-BF4B-00C04F79EFBC}") = "UT_Services", "tests\unit\DependencyInjection\Net\Services\UT_Services.csproj", "{52DF5E8C-A9EA-4AC7-BDBF-AE712080059E}"
EndProject
Global
	GlobalSection(SolutionConfigurationPlatforms) = preSolution
		Debug|Any CPU = Debug|Any CPU
		Release|Any CPU = Release|Any CPU
	EndGlobalSection
	GlobalSection(ProjectConfigurationPlatforms) = postSolution
		{6114DCBD-72D1-41AC-A77C-27DF7D3F91C7}.Debug|Any CPU.ActiveCfg = Debug|Any CPU
		{6114DCBD-72D1-41AC-A77C-27DF7D3F91C7}.Debug|Any CPU.Build.0 = Debug|Any CPU
		{6114DCBD-72D1-41AC-A77C-27DF7D3F91C7}.Release|Any CPU.ActiveCfg = Release|Any CPU
		{6114DCBD-72D1-41AC-A77C-27DF7D3F91C7}.Release|Any CPU.Build.0 = Release|Any CPU
		{7FF8C3C4-86A2-4551-857A-BE46F50A7DFE}.Debug|Any CPU.ActiveCfg = Debug|Any CPU
		{7FF8C3C4-86A2-4551-857A-BE46F50A7DFE}.Debug|Any CPU.Build.0 = Debug|Any CPU
		{7FF8C3C4-86A2-4551-857A-BE46F50A7DFE}.Release|Any CPU.ActiveCfg = Release|Any CPU
		{7FF8C3C4-86A2-4551-857A-BE46F50A7DFE}.Release|Any CPU.Build.0 = Release|Any CPU
		{925C2C0B-CD92-4964-A9D2-4D685987C2E2}.Debug|Any CPU.ActiveCfg = Debug|Any CPU
		{925C2C0B-CD92-4964-A9D2-4D685987C2E2}.Debug|Any CPU.Build.0 = Debug|Any CPU
		{925C2C0B-CD92-4964-A9D2-4D685987C2E2}.Release|Any CPU.ActiveCfg = Release|Any CPU
		{925C2C0B-CD92-4964-A9D2-4D685987C2E2}.Release|Any CPU.Build.0 = Release|Any CPU
		{99468F64-5237-42AA-99D2-BD4AC03D804D}.Debug|Any CPU.ActiveCfg = Debug|Any CPU
		{99468F64-5237-42AA-99D2-BD4AC03D804D}.Debug|Any CPU.Build.0 = Debug|Any CPU
		{99468F64-5237-42AA-99D2-BD4AC03D804D}.Release|Any CPU.ActiveCfg = Release|Any CPU
		{99468F64-5237-42AA-99D2-BD4AC03D804D}.Release|Any CPU.Build.0 = Release|Any CPU
		{8A6929AD-0908-4824-A0FA-A761932A378C}.Debug|Any CPU.ActiveCfg = Debug|Any CPU
		{8A6929AD-0908-4824-A0FA-A761932A378C}.Debug|Any CPU.Build.0 = Debug|Any CPU
		{8A6929AD-0908-4824-A0FA-A761932A378C}.Release|Any CPU.ActiveCfg = Release|Any CPU
		{8A6929AD-0908-4824-A0FA-A761932A378C}.Release|Any CPU.Build.0 = Release|Any CPU
		{0450F96F-CE9A-425F-B1E0-5A5A5A30A49C}.Debug|Any CPU.ActiveCfg = Debug|Any CPU
		{0450F96F-CE9A-425F-B1E0-5A5A5A30A49C}.Debug|Any CPU.Build.0 = Debug|Any CPU
		{0450F96F-CE9A-425F-B1E0-5A5A5A30A49C}.Release|Any CPU.ActiveCfg = Release|Any CPU
		{0450F96F-CE9A-425F-B1E0-5A5A5A30A49C}.Release|Any CPU.Build.0 = Release|Any CPU
		{D8106FEC-B6E4-47D5-B77C-EF8166FDCED4}.Debug|Any CPU.ActiveCfg = Debug|Any CPU
		{D8106FEC-B6E4-47D5-B77C-EF8166FDCED4}.Debug|Any CPU.Build.0 = Debug|Any CPU
		{D8106FEC-B6E4-47D5-B77C-EF8166FDCED4}.Release|Any CPU.ActiveCfg = Release|Any CPU
		{D8106FEC-B6E4-47D5-B77C-EF8166FDCED4}.Release|Any CPU.Build.0 = Release|Any CPU
		{74834C0C-01DF-482F-8C35-2575A6546A33}.Debug|Any CPU.ActiveCfg = Debug|Any CPU
		{74834C0C-01DF-482F-8C35-2575A6546A33}.Debug|Any CPU.Build.0 = Debug|Any CPU
		{74834C0C-01DF-482F-8C35-2575A6546A33}.Release|Any CPU.ActiveCfg = Release|Any CPU
		{74834C0C-01DF-482F-8C35-2575A6546A33}.Release|Any CPU.Build.0 = Release|Any CPU
		{B7A4B4A0-F43D-4FB5-8C37-DD37131F5AEB}.Debug|Any CPU.ActiveCfg = Debug|Any CPU
		{B7A4B4A0-F43D-4FB5-8C37-DD37131F5AEB}.Debug|Any CPU.Build.0 = Debug|Any CPU
		{B7A4B4A0-F43D-4FB5-8C37-DD37131F5AEB}.Release|Any CPU.ActiveCfg = Release|Any CPU
		{B7A4B4A0-F43D-4FB5-8C37-DD37131F5AEB}.Release|Any CPU.Build.0 = Release|Any CPU
		{52DF5E8C-A9EA-4AC7-BDBF-AE712080059E}.Debug|Any CPU.ActiveCfg = Debug|Any CPU
		{52DF5E8C-A9EA-4AC7-BDBF-AE712080059E}.Debug|Any CPU.Build.0 = Debug|Any CPU
		{52DF5E8C-A9EA-4AC7-BDBF-AE712080059E}.Release|Any CPU.ActiveCfg = Release|Any CPU
		{52DF5E8C-A9EA-4AC7-BDBF-AE712080059E}.Release|Any CPU.Build.0 = Release|Any CPU
	EndGlobalSection
	GlobalSection(SolutionProperties) = preSolution
		HideSolutionNode = FALSE
	EndGlobalSection
	GlobalSection(ExtensibilityGlobals) = postSolution
		SolutionGuid = {F3AB613A-0534-464B-BAB8-891711A1421B}
	EndGlobalSection
	GlobalSection(NestedProjects) = preSolution
		{6114DCBD-72D1-41AC-A77C-27DF7D3F91C7} = {58436B08-D3F7-4199-B7B0-2E928EFECBC7}
		{7FF8C3C4-86A2-4551-857A-BE46F50A7DFE} = {58436B08-D3F7-4199-B7B0-2E928EFECBC7}
		{925C2C0B-CD92-4964-A9D2-4D685987C2E2} = {58436B08-D3F7-4199-B7B0-2E928EFECBC7}
		{6CD56858-A5B7-4814-8A9B-4743065D67AC} = {58436B08-D3F7-4199-B7B0-2E928EFECBC7}
		{99468F64-5237-42AA-99D2-BD4AC03D804D} = {6CD56858-A5B7-4814-8A9B-4743065D67AC}
		{D7205306-9B1E-4C21-BE08-CD423B691927} = {EEFECA50-61DC-4A34-A449-E05F1F03EC25}
		{10C92320-20C9-4A33-9631-C1AA1415ADA1} = {D7205306-9B1E-4C21-BE08-CD423B691927}
		{AA7267C7-9398-4AC8-A1AC-E9A4150D5196} = {10C92320-20C9-4A33-9631-C1AA1415ADA1}
		{8A6929AD-0908-4824-A0FA-A761932A378C} = {AA7267C7-9398-4AC8-A1AC-E9A4150D5196}
		{83C932F4-45BB-42FB-BC52-54976449A6A7} = {EEFECA50-61DC-4A34-A449-E05F1F03EC25}
		{0450F96F-CE9A-425F-B1E0-5A5A5A30A49C} = {83C932F4-45BB-42FB-BC52-54976449A6A7}
		{D8106FEC-B6E4-47D5-B77C-EF8166FDCED4} = {83C932F4-45BB-42FB-BC52-54976449A6A7}
		{74834C0C-01DF-482F-8C35-2575A6546A33} = {83C932F4-45BB-42FB-BC52-54976449A6A7}
		{B7A4B4A0-F43D-4FB5-8C37-DD37131F5AEB} = {83C932F4-45BB-42FB-BC52-54976449A6A7}
		{669096A6-D726-4710-8ABC-C52942342D80} = {83C932F4-45BB-42FB-BC52-54976449A6A7}
		{004C8081-E1A3-4C0C-851F-DEA2605490FE} = {669096A6-D726-4710-8ABC-C52942342D80}
		{52DF5E8C-A9EA-4AC7-BDBF-AE712080059E} = {004C8081-E1A3-4C0C-851F-DEA2605490FE}
	EndGlobalSection
EndGlobal
